
Microsoft Visual Studio Solution File, Format Version 12.00
# Visual Studio Version 17
VisualStudioVersion = 17.0.31903.59
MinimumVisualStudioVersion = 10.0.40219.1
Project("{FAE04EC0-301F-11D3-BF4B-00C04F79EFBC}") = "PluginHost", "PluginHost\PluginHost.csproj", "{79CAA084-D89A-4770-98D2-71BA8014921B}"
EndProject
Project("{FAE04EC0-301F-11D3-BF4B-00C04F79EFBC}") = "PluginInterfaces", "PluginInterfaces\PluginInterfaces.csproj", "{99AC56AB-31DB-432B-95B9-C751971C9921}"
EndProject
Project("{FAE04EC0-301F-11D3-BF4B-00C04F79EFBC}") = "RemoteWebAdministrationPlugin", "RemoteWebAdministrationPlugin\RemoteWebAdministrationPlugin.csproj", "{3FEAAE93-83D5-4F18-AD53-8FAAC41DE1E0}"
EndProject
Global
	GlobalSection(SolutionConfigurationPlatforms) = preSolution
		Debug|Any CPU = Debug|Any CPU
		Release|Any CPU = Release|Any CPU
	EndGlobalSection
	GlobalSection(SolutionProperties) = preSolution
		HideSolutionNode = FALSE
	EndGlobalSection
	GlobalSection(ProjectConfigurationPlatforms) = postSolution
		{79CAA084-D89A-4770-98D2-71BA8014921B}.Debug|Any CPU.ActiveCfg = Debug|Any CPU
		{79CAA084-D89A-4770-98D2-71BA8014921B}.Debug|Any CPU.Build.0 = Debug|Any CPU
		{79CAA084-D89A-4770-98D2-71BA8014921B}.Release|Any CPU.ActiveCfg = Release|Any CPU
		{79CAA084-D89A-4770-98D2-71BA8014921B}.Release|Any CPU.Build.0 = Release|Any CPU
		{99AC56AB-31DB-432B-95B9-C751971C9921}.Debug|Any CPU.ActiveCfg = Debug|Any CPU
		{99AC56AB-31DB-432B-95B9-C751971C9921}.Debug|Any CPU.Build.0 = Debug|Any CPU
		{99AC56AB-31DB-432B-95B9-C751971C9921}.Release|Any CPU.ActiveCfg = Release|Any CPU
		{99AC56AB-31DB-432B-95B9-C751971C9921}.Release|Any CPU.Build.0 = Release|Any CPU
		{3FEAAE93-83D5-4F18-AD53-8FAAC41DE1E0}.Debug|Any CPU.ActiveCfg = Debug|Any CPU
		{3FEAAE93-83D5-4F18-AD53-8FAAC41DE1E0}.Debug|Any CPU.Build.0 = Debug|Any CPU
		{3FEAAE93-83D5-4F18-AD53-8FAAC41DE1E0}.Release|Any CPU.ActiveCfg = Release|Any CPU
		{3FEAAE93-83D5-4F18-AD53-8FAAC41DE1E0}.Release|Any CPU.Build.0 = Release|Any CPU
	EndGlobalSection
EndGlobal
